// !$*UTF8*$!
{
	archiveVersion = 1;
	classes = {
	};
	objectVersion = 50;
	objects = {

/* Begin PBXBuildFile section */
		507047C324DC22930026A33D /* AppDelegate.swift in Sources */ = {isa = PBXBuildFile; fileRef = 507047C224DC22930026A33D /* AppDelegate.swift */; };
		507047C524DC22930026A33D /* SceneDelegate.swift in Sources */ = {isa = PBXBuildFile; fileRef = 507047C424DC22930026A33D /* SceneDelegate.swift */; };
		507047C724DC22930026A33D /* ViewController.swift in Sources */ = {isa = PBXBuildFile; fileRef = 507047C624DC22930026A33D /* ViewController.swift */; };
		507047CA24DC22930026A33D /* Main.storyboard in Resources */ = {isa = PBXBuildFile; fileRef = 507047C824DC22930026A33D /* Main.storyboard */; };
		507047CC24DC22950026A33D /* Assets.xcassets in Resources */ = {isa = PBXBuildFile; fileRef = 507047CB24DC22950026A33D /* Assets.xcassets */; };
		507047CF24DC22950026A33D /* LaunchScreen.storyboard in Resources */ = {isa = PBXBuildFile; fileRef = 507047CD24DC22950026A33D /* LaunchScreen.storyboard */; };
		507047D724DC23050026A33D /* Renderer.swift in Sources */ = {isa = PBXBuildFile; fileRef = 507047D624DC23050026A33D /* Renderer.swift */; };
		507047D924DC232D0026A33D /* Model.swift in Sources */ = {isa = PBXBuildFile; fileRef = 507047D824DC232D0026A33D /* Model.swift */; };
		507047DB24DC23620026A33D /* Shader.metal in Sources */ = {isa = PBXBuildFile; fileRef = 507047DA24DC23620026A33D /* Shader.metal */; };
		507047DF24DC23AA0026A33D /* Extension.swift in Sources */ = {isa = PBXBuildFile; fileRef = 507047DE24DC23AA0026A33D /* Extension.swift */; };
/* End PBXBuildFile section */

/* Begin PBXFileReference section */
		507047BF24DC22930026A33D /* Metal For iOS.app */ = {isa = PBXFileReference; explicitFileType = wrapper.application; includeInIndex = 0; path = "Metal For iOS.app"; sourceTree = BUILT_PRODUCTS_DIR; };
		507047C224DC22930026A33D /* AppDelegate.swift */ = {isa = PBXFileReference; lastKnownFileType = sourcecode.swift; path = AppDelegate.swift; sourceTree = "<group>"; };
		507047C424DC22930026A33D /* SceneDelegate.swift */ = {isa = PBXFileReference; lastKnownFileType = sourcecode.swift; path = SceneDelegate.swift; sourceTree = "<group>"; };
		507047C624DC22930026A33D /* ViewController.swift */ = {isa = PBXFileReference; lastKnownFileType = sourcecode.swift; path = ViewController.swift; sourceTree = "<group>"; };
		507047C924DC22930026A33D /* Base */ = {isa = PBXFileReference; lastKnownFileType = file.storyboard; name = Base; path = Base.lproj/Main.storyboard; sourceTree = "<group>"; };
		507047CB24DC22950026A33D /* Assets.xcassets */ = {isa = PBXFileReference; lastKnownFileType = folder.assetcatalog; path = Assets.xcassets; sourceTree = "<group>"; };
		507047CE24DC22950026A33D /* Base */ = {isa = PBXFileReference; lastKnownFileType = file.storyboard; name = Base; path = Base.lproj/LaunchScreen.storyboard; sourceTree = "<group>"; };
		507047D024DC22950026A33D /* Info.plist */ = {isa = PBXFileReference; lastKnownFileType = text.plist.xml; path = Info.plist; sourceTree = "<group>"; };
		507047D624DC23050026A33D /* Renderer.swift */ = {isa = PBXFileReference; lastKnownFileType = sourcecode.swift; path = Renderer.swift; sourceTree = "<group>"; };
		507047D824DC232D0026A33D /* Model.swift */ = {isa = PBXFileReference; lastKnownFileType = sourcecode.swift; path = Model.swift; sourceTree = "<group>"; };
		507047DA24DC23620026A33D /* Shader.metal */ = {isa = PBXFileReference; lastKnownFileType = sourcecode.metal; path = Shader.metal; sourceTree = "<group>"; };
		507047DE24DC23AA0026A33D /* Extension.swift */ = {isa = PBXFileReference; lastKnownFileType = sourcecode.swift; path = Extension.swift; sourceTree = "<group>"; };
/* End PBXFileReference section */

/* Begin PBXFrameworksBuildPhase section */
		507047BC24DC22930026A33D /* Frameworks */ = {
			isa = PBXFrameworksBuildPhase;
			buildActionMask = 2147483647;
			files = (
			);
			runOnlyForDeploymentPostprocessing = 0;
		};
/* End PBXFrameworksBuildPhase section */

/* Begin PBXGroup section */
		507047B624DC22930026A33D = {
			isa = PBXGroup;
			children = (
				507047C124DC22930026A33D /* Metal For iOS */,
				507047C024DC22930026A33D /* Products */,
			);
			sourceTree = "<group>";
		};
		507047C024DC22930026A33D /* Products */ = {
			isa = PBXGroup;
			children = (
				507047BF24DC22930026A33D /* Metal For iOS.app */,
			);
			name = Products;
			sourceTree = "<group>";
		};
		507047C124DC22930026A33D /* Metal For iOS */ = {
			isa = PBXGroup;
			children = (
				507047C224DC22930026A33D /* AppDelegate.swift */,
				507047C424DC22930026A33D /* SceneDelegate.swift */,
				507047C824DC22930026A33D /* Main.storyboard */,
				507047CD24DC22950026A33D /* LaunchScreen.storyboard */,
				507047CB24DC22950026A33D /* Assets.xcassets */,
				507047D024DC22950026A33D /* Info.plist */,
				507047C624DC22930026A33D /* ViewController.swift */,
				507047D624DC23050026A33D /* Renderer.swift */,
				507047D824DC232D0026A33D /* Model.swift */,
				507047DE24DC23AA0026A33D /* Extension.swift */,
				507047DA24DC23620026A33D /* Shader.metal */,
			);
			path = "Metal For iOS";
			sourceTree = "<group>";
		};
/* End PBXGroup section */

/* Begin PBXNativeTarget section */
		507047BE24DC22930026A33D /* Metal For iOS */ = {
			isa = PBXNativeTarget;
			buildConfigurationList = 507047D324DC22950026A33D /* Build configuration list for PBXNativeTarget "Metal For iOS" */;
			buildPhases = (
				507047BB24DC22930026A33D /* Sources */,
				507047BC24DC22930026A33D /* Frameworks */,
				507047BD24DC22930026A33D /* Resources */,
			);
			buildRules = (
			);
			dependencies = (
			);
			name = "Metal For iOS";
			productName = "Metal For iOS";
			productReference = 507047BF24DC22930026A33D /* Metal For iOS.app */;
			productType = "com.apple.product-type.application";
		};
/* End PBXNativeTarget section */

/* Begin PBXProject section */
		507047B724DC22930026A33D /* Project object */ = {
			isa = PBXProject;
			attributes = {
				LastSwiftUpdateCheck = 1150;
				LastUpgradeCheck = 1150;
				ORGANIZATIONNAME = "Max Yakhin";
				TargetAttributes = {
					507047BE24DC22930026A33D = {
						CreatedOnToolsVersion = 11.5;
					};
				};
			};
			buildConfigurationList = 507047BA24DC22930026A33D /* Build configuration list for PBXProject "Metal For iOS" */;
			compatibilityVersion = "Xcode 9.3";
			developmentRegion = en;
			hasScannedForEncodings = 0;
			knownRegions = (
				en,
				Base,
			);
			mainGroup = 507047B624DC22930026A33D;
			productRefGroup = 507047C024DC22930026A33D /* Products */;
			projectDirPath = "";
			projectRoot = "";
			targets = (
				507047BE24DC22930026A33D /* Metal For iOS */,
			);
		};
/* End PBXProject section */

/* Begin PBXResourcesBuildPhase section */
		507047BD24DC22930026A33D /* Resources */ = {
			isa = PBXResourcesBuildPhase;
			buildActionMask = 2147483647;
			files = (
				507047CF24DC22950026A33D /* LaunchScreen.storyboard in Resources */,
				507047CC24DC22950026A33D /* Assets.xcassets in Resources */,
				507047CA24DC22930026A33D /* Main.storyboard in Resources */,
			);
			runOnlyForDeploymentPostprocessing = 0;
		};
/* End PBXResourcesBuildPhase section */

/* Begin PBXSourcesBuildPhase section */
		507047BB24DC22930026A33D /* Sources */ = {
			isa = PBXSourcesBuildPhase;
			buildActionMask = 2147483647;
			files = (
				507047DB24DC23620026A33D /* Shader.metal in Sources */,
				507047D924DC232D0026A33D /* Model.swift in Sources */,
				507047D724DC23050026A33D /* Renderer.swift in Sources */,
				507047C724DC22930026A33D /* ViewController.swift in Sources */,
				507047C324DC22930026A33D /* AppDelegate.swift in Sources */,
				507047C524DC22930026A33D /* SceneDelegate.swift in Sources */,
				507047DF24DC23AA0026A33D /* Extension.swift in Sources */,
			);
			runOnlyForDeploymentPostprocessing = 0;
		};
/* End PBXSourcesBuildPhase section */

/* Begin PBXVariantGroup section */
		507047C824DC22930026A33D /* Main.storyboard */ = {
			isa = PBXVariantGroup;
			children = (
				507047C924DC22930026A33D /* Base */,
			);
			name = Main.storyboard;
			sourceTree = "<group>";
		};
		507047CD24DC22950026A33D /* LaunchScreen.storyboard */ = {
			isa = PBXVariantGroup;
			children = (
				507047CE24DC22950026A33D /* Base */,
			);
			name = LaunchScreen.storyboard;
			sourceTree = "<group>";
		};
/* End PBXVariantGroup section */

/* Begin XCBuildConfiguration section */
		507047D124DC22950026A33D /* Debug */ = {
			isa = XCBuildConfiguration;
			buildSettings = {
				ALWAYS_SEARCH_USER_PATHS = NO;
				CLANG_ANALYZER_NONNULL = YES;
				CLANG_ANALYZER_NUMBER_OBJECT_CONVERSION = YES_AGGRESSIVE;
				CLANG_CXX_LANGUAGE_STANDARD = "gnu++14";
				CLANG_CXX_LIBRARY = "libc++";
				CLANG_ENABLE_MODULES = YES;
				CLANG_ENABLE_OBJC_ARC = YES;
				CLANG_ENABLE_OBJC_WEAK = YES;
				CLANG_WARN_BLOCK_CAPTURE_AUTORELEASING = YES;
				CLANG_WARN_BOOL_CONVERSION = YES;
				CLANG_WARN_COMMA = YES;
				CLANG_WARN_CONSTANT_CONVERSION = YES;
				CLANG_WARN_DEPRECATED_OBJC_IMPLEMENTATIONS = YES;
				CLANG_WARN_DIRECT_OBJC_ISA_USAGE = YES_ERROR;
				CLANG_WARN_DOCUMENTATION_COMMENTS = YES;
				CLANG_WARN_EMPTY_BODY = YES;
				CLANG_WARN_ENUM_CONVERSION = YES;
				CLANG_WARN_INFINITE_RECURSION = YES;
				CLANG_WARN_INT_CONVERSION = YES;
				CLANG_WARN_NON_LITERAL_NULL_CONVERSION = YES;
				CLANG_WARN_OBJC_IMPLICIT_RETAIN_SELF = YES;
				CLANG_WARN_OBJC_LITERAL_CONVERSION = YES;
				CLANG_WARN_OBJC_ROOT_CLASS = YES_ERROR;
				CLANG_WARN_RANGE_LOOP_ANALYSIS = YES;
				CLANG_WARN_STRICT_PROTOTYPES = YES;
				CLANG_WARN_SUSPICIOUS_MOVE = YES;
				CLANG_WARN_UNGUARDED_AVAILABILITY = YES_AGGRESSIVE;
				CLANG_WARN_UNREACHABLE_CODE = YES;
				CLANG_WARN__DUPLICATE_METHOD_MATCH = YES;
				COPY_PHASE_STRIP = NO;
				DEBUG_INFORMATION_FORMAT = dwarf;
				ENABLE_STRICT_OBJC_MSGSEND = YES;
				ENABLE_TESTABILITY = YES;
				GCC_C_LANGUAGE_STANDARD = gnu11;
				GCC_DYNAMIC_NO_PIC = NO;
				GCC_NO_COMMON_BLOCKS = YES;
				GCC_OPTIMIZATION_LEVEL = 0;
				GCC_PREPROCESSOR_DEFINITIONS = (
					"DEBUG=1",
					"$(inherited)",
				);
				GCC_WARN_64_TO_32_BIT_CONVERSION = YES;
				GCC_WARN_ABOUT_RETURN_TYPE = YES_ERROR;
				GCC_WARN_UNDECLARED_SELECTOR = YES;
				GCC_WARN_UNINITIALIZED_AUTOS = YES_AGGRESSIVE;
				GCC_WARN_UNUSED_FUNCTION = YES;
				GCC_WARN_UNUSED_VARIABLE = YES;
				IPHONEOS_DEPLOYMENT_TARGET = 13.5;
				MTL_ENABLE_DEBUG_INFO = INCLUDE_SOURCE;
				MTL_FAST_MATH = YES;
				ONLY_ACTIVE_ARCH = YES;
				SDKROOT = iphoneos;
				SWIFT_ACTIVE_COMPILATION_CONDITIONS = DEBUG;
				SWIFT_OPTIMIZATION_LEVEL = "-Onone";
			};
			name = Debug;
		};
		507047D224DC22950026A33D /* Release */ = {
			isa = XCBuildConfiguration;
			buildSettings = {
				ALWAYS_SEARCH_USER_PATHS = NO;
				CLANG_ANALYZER_NONNULL = YES;
				CLANG_ANALYZER_NUMBER_OBJECT_CONVERSION = YES_AGGRESSIVE;
				CLANG_CXX_LANGUAGE_STANDARD = "gnu++14";
				CLANG_CXX_LIBRARY = "libc++";
				CLANG_ENABLE_MODULES = YES;
				CLANG_ENABLE_OBJC_ARC = YES;
				CLANG_ENABLE_OBJC_WEAK = YES;
				CLANG_WARN_BLOCK_CAPTURE_AUTORELEASING = YES;
				CLANG_WARN_BOOL_CONVERSION = YES;
				CLANG_WARN_COMMA = YES;
				CLANG_WARN_CONSTANT_CONVERSION = YES;
				CLANG_WARN_DEPRECATED_OBJC_IMPLEMENTATIONS = YES;
				CLANG_WARN_DIRECT_OBJC_ISA_USAGE = YES_ERROR;
				CLANG_WARN_DOCUMENTATION_COMMENTS = YES;
				CLANG_WARN_EMPTY_BODY = YES;
				CLANG_WARN_ENUM_CONVERSION = YES;
				CLANG_WARN_INFINITE_RECURSION = YES;
				CLANG_WARN_INT_CONVERSION = YES;
				CLANG_WARN_NON_LITERAL_NULL_CONVERSION = YES;
				CLANG_WARN_OBJC_IMPLICIT_RETAIN_SELF = YES;
				CLANG_WARN_OBJC_LITERAL_CONVERSION = YES;
				CLANG_WARN_OBJC_ROOT_CLASS = YES_ERROR;
				CLANG_WARN_RANGE_LOOP_ANALYSIS = YES;
				CLANG_WARN_STRICT_PROTOTYPES = YES;
				CLANG_WARN_SUSPICIOUS_MOVE = YES;
				CLANG_WARN_UNGUARDED_AVAILABILITY = YES_AGGRESSIVE;
				CLANG_WARN_UNREACHABLE_CODE = YES;
				CLANG_WARN__DUPLICATE_METHOD_MATCH = YES;
				COPY_PHASE_STRIP = NO;
				DEBUG_INFORMATION_FORMAT = "dwarf-with-dsym";
				ENABLE_NS_ASSERTIONS = NO;
				ENABLE_STRICT_OBJC_MSGSEND = YES;
				GCC_C_LANGUAGE_STANDARD = gnu11;
				GCC_NO_COMMON_BLOCKS = YES;
				GCC_WARN_64_TO_32_BIT_CONVERSION = YES;
				GCC_WARN_ABOUT_RETURN_TYPE = YES_ERROR;
				GCC_WARN_UNDECLARED_SELECTOR = YES;
				GCC_WARN_UNINITIALIZED_AUTOS = YES_AGGRESSIVE;
				GCC_WARN_UNUSED_FUNCTION = YES;
				GCC_WARN_UNUSED_VARIABLE = YES;
				IPHONEOS_DEPLOYMENT_TARGET = 13.5;
				MTL_ENABLE_DEBUG_INFO = NO;
				MTL_FAST_MATH = YES;
				SDKROOT = iphoneos;
				SWIFT_COMPILATION_MODE = wholemodule;
				SWIFT_OPTIMIZATION_LEVEL = "-O";
				VALIDATE_PRODUCT = YES;
			};
			name = Release;
		};
		507047D424DC22950026A33D /* Debug */ = {
			isa = XCBuildConfiguration;
			buildSettings = {
				ASSETCATALOG_COMPILER_APPICON_NAME = AppIcon;
				CODE_SIGN_STYLE = Automatic;
				DEVELOPMENT_TEAM = 8FQP4UD6V5;
				INFOPLIST_FILE = "Metal For iOS/Info.plist";
				LD_RUNPATH_SEARCH_PATHS = (
					"$(inherited)",
					"@executable_path/Frameworks",
				);
				PRODUCT_BUNDLE_IDENTIFIER = "maxyakhin.Metal-For-iOS";
				PRODUCT_NAME = "$(TARGET_NAME)";
				SWIFT_VERSION = 5.0;
				TARGETED_DEVICE_FAMILY = "1,2";
			};
			name = Debug;
		};
		507047D524DC22950026A33D /* Release */ = {
			isa = XCBuildConfiguration;
			buildSettings = {
				ASSETCATALOG_COMPILER_APPICON_NAME = AppIcon;
				CODE_SIGN_STYLE = Automatic;
				DEVELOPMENT_TEAM = 8FQP4UD6V5;
				INFOPLIST_FILE = "Metal For iOS/Info.plist";
				LD_RUNPATH_SEARCH_PATHS = (
					"$(inherited)",
					"@executable_path/Frameworks",
				);
				PRODUCT_BUNDLE_IDENTIFIER = "maxyakhin.Metal-For-iOS";
				PRODUCT_NAME = "$(TARGET_NAME)";
				SWIFT_VERSION = 5.0;
				TARGETED_DEVICE_FAMILY = "1,2";
			};
			name = Release;
		};
/* End XCBuildConfiguration section */

/* Begin XCConfigurationList section */
		507047BA24DC22930026A33D /* Build configuration list for PBXProject "Metal For iOS" */ = {
			isa = XCConfigurationList;
			buildConfigurations = (
				507047D124DC22950026A33D /* Debug */,
				507047D224DC22950026A33D /* Release */,
			);
			defaultConfigurationIsVisible = 0;
			defaultConfigurationName = Release;
		};
		507047D324DC22950026A33D /* Build configuration list for PBXNativeTarget "Metal For iOS" */ = {
			isa = XCConfigurationList;
			buildConfigurations = (
				507047D424DC22950026A33D /* Debug */,
				507047D524DC22950026A33D /* Release */,
			);
			defaultConfigurationIsVisible = 0;
			defaultConfigurationName = Release;
		};
/* End XCConfigurationList section */
	};
	rootObject = 507047B724DC22930026A33D /* Project object */;
}
